# THIS IS AN AUTOGENERATED FILE. DO NOT EDIT THIS FILE DIRECTLY.
# yarn lockfile v1
angular:
  version "1.5.8"
  resolved "https://registry.yarnpkg.com/angular/-/angular-1.5.8.tgz#925a5392b8c212d09572dc446db7e01264e094cb"

angular-resource:
  version "1.5.8"
  resolved "https://registry.yarnpkg.com/angular-resource/-/angular-resource-1.5.8.tgz#abf64dea471aec4296aff0a455ce3c60cd79bd9f"

angular-route:
  version "1.5.8"
  resolved "https://registry.yarnpkg.com/angular-route/-/angular-route-1.5.8.tgz#964093de7ec8dc5799bd56a93a6ce5f60095674b"

jquery-ujs@~1.2.2:
  version "1.2.2"
  resolved "https://registry.yarnpkg.com/jquery-ujs/-/jquery-ujs-1.2.2.tgz#6a8ef1020e6b6dda385b90a4bddc128c21c56397"
  dependencies:
    jquery ">=1.8.0"

jquery@>=1.8.0, jquery@~3.1.0:
  version "3.1.1"
  resolved "https://registry.yarnpkg.com/jquery/-/jquery-3.1.1.tgz#347c1c21c7e004115e0a4da32cece041fad3c8a3"

todomvc-app-css@^1.0.1:
  version "1.0.4"
  resolved "https://registry.yarnpkg.com/todomvc-app-css/-/todomvc-app-css-1.0.4.tgz#d2529279a6da5befb06b55c0c324c5fcfd94d656"

